
Microsoft Visual Studio Solution File, Format Version 12.00
# Visual Studio Version 17
VisualStudioVersion = 17.6.33712.159
MinimumVisualStudioVersion = 10.0.40219.1
Project("{FAE04EC0-301F-11D3-BF4B-00C04F79EFBC}") = "Algoritma3", "Algoritma3\Algoritma3.csproj", "{73961602-BC5D-45D2-9FA4-91E263C571A5}"
EndProject
Global
	GlobalSection(SolutionConfigurationPlatforms) = preSolution
		Debug|Any CPU = Debug|Any CPU
		Release|Any CPU = Release|Any CPU
	EndGlobalSection
	GlobalSection(ProjectConfigurationPlatforms) = postSolution
		{73961602-BC5D-45D2-9FA4-91E263C571A5}.Debug|Any CPU.ActiveCfg = Debug|Any CPU
		{73961602-BC5D-45D2-9FA4-91E263C571A5}.Debug|Any CPU.Build.0 = Debug|Any CPU
		{73961602-BC5D-45D2-9FA4-91E263C571A5}.Release|Any CPU.ActiveCfg = Release|Any CPU
		{73961602-BC5D-45D2-9FA4-91E263C571A5}.Release|Any CPU.Build.0 = Release|Any CPU
	EndGlobalSection
	GlobalSection(SolutionProperties) = preSolution
		HideSolutionNode = FALSE
	EndGlobalSection
	GlobalSection(ExtensibilityGlobals) = postSolution
		SolutionGuid = {C1969852-D6AD-4038-8007-BAD1F0B29D15}
	EndGlobalSection
EndGlobal
